{
  "name": "webdoc-parser",
  "version": "1.0.0",
  "scripts": {
    "start": "node server.js",
    "build": "cd frontend && npm install && npm run build",
    "heroku-postbuild": "npm run build"
  },
  "engines": {
    "node": "18.x",
    "npm": "8.x"
  },
  "dependencies": {
    "express": "^4.17.1"
  },
  "devDependencies": {
  }
}
